{
  "name": "bank",
  "version": "1.0.0",
  "lockfileVersion": 1,
  "requires": true,
  "dependencies": {
    "assert": {
      "version": "1.4.1",
      "resolved": "https://registry.npmjs.org/assert/-/assert-1.4.1.tgz",
      "integrity": "sha1-mZEtWRg2tab1s0XA8H7vwI/GXZE=",
      "requires": {
        "util": "0.10.3"
      }
    },
    "base64-js": {
      "version": "1.3.0",
      "resolved": "https://registry.npmjs.org/base64-js/-/base64-js-1.3.0.tgz",
      "integrity": "sha512-ccav/yGvoa80BQDljCxsmmQ3Xvx60/UpBIij5QN21W3wBi/hhIC9OoO+KLpu9IJTS9j4DRVJ3aDDF9cMSoa2lw=="
    },
    "buffer": {
      "version": "5.2.0",
      "resolved": "https://registry.npmjs.org/buffer/-/buffer-5.2.0.tgz",
      "integrity": "sha512-nUJyfChH7PMJy75eRDCCKtszSEFokUNXC1hNVSe+o+VdcgvDPLs20k3v8UXI8ruRYAJiYtyRea8mYyqPxoHWDw==",
      "requires": {
        "base64-js": "1.3.0",
        "ieee754": "1.1.12"
      }
    },
    "core-util-is": {
      "version": "1.0.2",
      "resolved": "https://registry.npmjs.org/core-util-is/-/core-util-is-1.0.2.tgz",
      "integrity": "sha1-tf1UIgqivFq1eqtxQMlAdUUDwac="
    },
    "duplex-json-stream": {
      "version": "1.0.1",
      "resolved": "https://registry.npmjs.org/duplex-json-stream/-/duplex-json-stream-1.0.1.tgz",
      "integrity": "sha1-RUrXfXkQkbCwhmtb9X2tzfsHDbc=",
      "requires": {
        "ndjson": "1.5.0",
        "pumpify": "1.5.1"
      }
    },
    "duplexify": {
      "version": "3.6.0",
      "resolved": "https://registry.npmjs.org/duplexify/-/duplexify-3.6.0.tgz",
      "integrity": "sha512-fO3Di4tBKJpYTFHAxTU00BcfWMY9w24r/x21a6rZRbsD/ToUgGxsMbiGRmB7uVAXeGKXD9MwiLZa5E97EVgIRQ==",
      "requires": {
        "end-of-stream": "1.4.1",
        "inherits": "2.0.3",
        "readable-stream": "2.3.6",
        "stream-shift": "1.0.0"
      }
    },
    "end-of-stream": {
      "version": "1.4.1",
      "resolved": "https://registry.npmjs.org/end-of-stream/-/end-of-stream-1.4.1.tgz",
      "integrity": "sha512-1MkrZNvWTKCaigbn+W15elq2BB/L22nqrSY5DKlo3X6+vclJm8Bb5djXJBmEX6fS3+zCh/F4VBK5Z2KxJt4s2Q==",
      "requires": {
        "once": "1.4.0"
      }
    },
    "fs": {
      "version": "0.0.1-security",
      "resolved": "https://registry.npmjs.org/fs/-/fs-0.0.1-security.tgz",
      "integrity": "sha1-invTcYa23d84E/I4WLV+yq9eQdQ="
    },
    "ieee754": {
      "version": "1.1.12",
      "resolved": "https://registry.npmjs.org/ieee754/-/ieee754-1.1.12.tgz",
      "integrity": "sha512-GguP+DRY+pJ3soyIiGPTvdiVXjZ+DbXOxGpXn3eMvNW4x4irjqXm4wHKscC+TfxSJ0yw/S1F24tqdMNsMZTiLA=="
    },
    "inherits": {
      "version": "2.0.3",
      "resolved": "https://registry.npmjs.org/inherits/-/inherits-2.0.3.tgz",
      "integrity": "sha1-Yzwsg+PaQqUC9SRmAiSA9CCCYd4="
    },
    "ini": {
      "version": "1.3.5",
      "resolved": "https://registry.npmjs.org/ini/-/ini-1.3.5.tgz",
      "integrity": "sha512-RZY5huIKCMRWDUqZlEi72f/lmXKMvuszcMBduliQ3nnWbx9X/ZBQO7DijMEYS9EhHBb2qacRUMtC7svLwe0lcw=="
    },
    "isarray": {
      "version": "1.0.0",
      "resolved": "https://registry.npmjs.org/isarray/-/isarray-1.0.0.tgz",
      "integrity": "sha1-u5NdSFgsuhaMBoNJV6VKPgcSTxE="
    },
    "json-stringify-safe": {
      "version": "5.0.1",
      "resolved": "https://registry.npmjs.org/json-stringify-safe/-/json-stringify-safe-5.0.1.tgz",
      "integrity": "sha1-Epai1Y/UXxmg9s4B1lcB4sc1tus="
    },
    "minimist": {
      "version": "1.2.0",
      "resolved": "https://registry.npmjs.org/minimist/-/minimist-1.2.0.tgz",
      "integrity": "sha1-o1AIsg9BOD7sH7kU9M1d95omQoQ="
    },
    "nan": {
      "version": "2.10.0",
      "resolved": "https://registry.npmjs.org/nan/-/nan-2.10.0.tgz",
      "integrity": "sha512-bAdJv7fBLhWC+/Bls0Oza+mvTaNQtP+1RyhhhvD95pgUJz6XM5IzgmxOkItJ9tkoCiplvAnXI1tNmmUD/eScyA=="
    },
    "ndjson": {
      "version": "1.5.0",
      "resolved": "https://registry.npmjs.org/ndjson/-/ndjson-1.5.0.tgz",
      "integrity": "sha1-rmA7NrE0vOw0e0UkIrC/mNWDLsg=",
      "requires": {
        "json-stringify-safe": "5.0.1",
        "minimist": "1.2.0",
        "split2": "2.2.0",
        "through2": "2.0.3"
      }
    },
    "net": {
      "version": "1.0.2",
      "resolved": "https://registry.npmjs.org/net/-/net-1.0.2.tgz",
      "integrity": "sha1-0XV+yaf7I3HYPPR1XOPifhCCk4g="
    },
    "node-gyp-build": {
      "version": "3.4.0",
      "resolved": "https://registry.npmjs.org/node-gyp-build/-/node-gyp-build-3.4.0.tgz",
      "integrity": "sha512-YoviGBJYGrPdLOKDIQB0sKxuKy/EEsxzooNkOZak4vSTKT/qH0Pa6dj3t1MJjEQGsefih61IyHDmO1WW7xOFfw=="
    },
    "once": {
      "version": "1.4.0",
      "resolved": "https://registry.npmjs.org/once/-/once-1.4.0.tgz",
      "integrity": "sha1-WDsap3WWHUsROsF9nFC6753Xa9E=",
      "requires": {
        "wrappy": "1.0.2"
      }
    },
    "process-nextick-args": {
      "version": "2.0.0",
      "resolved": "https://registry.npmjs.org/process-nextick-args/-/process-nextick-args-2.0.0.tgz",
      "integrity": "sha512-MtEC1TqN0EU5nephaJ4rAtThHtC86dNN9qCuEhtshvpVBkAW5ZO7BASN9REnF9eoXGcRub+pFuKEpOHE+HbEMw=="
    },
    "pump": {
      "version": "2.0.1",
      "resolved": "https://registry.npmjs.org/pump/-/pump-2.0.1.tgz",
      "integrity": "sha512-ruPMNRkN3MHP1cWJc9OWr+T/xDP0jhXYCLfJcBuX54hhfIBnaQmAUMfDcG4DM5UMWByBbJY69QSphm3jtDKIkA==",
      "requires": {
        "end-of-stream": "1.4.1",
        "once": "1.4.0"
      }
    },
    "pumpify": {
      "version": "1.5.1",
      "resolved": "https://registry.npmjs.org/pumpify/-/pumpify-1.5.1.tgz",
      "integrity": "sha512-oClZI37HvuUJJxSKKrC17bZ9Cu0ZYhEAGPsPUy9KlMUmv9dKX2o77RUmq7f3XjIxbwyGwYzbzQ1L2Ks8sIradQ==",
      "requires": {
        "duplexify": "3.6.0",
        "inherits": "2.0.3",
        "pump": "2.0.1"
      }
    },
    "readable-stream": {
      "version": "2.3.6",
      "resolved": "https://registry.npmjs.org/readable-stream/-/readable-stream-2.3.6.tgz",
      "integrity": "sha512-tQtKA9WIAhBF3+VLAseyMqZeBjW0AHJoxOtYqSUZNJxauErmLbVm2FW1y+J/YA9dUrAC39ITejlZWhVIwawkKw==",
      "requires": {
        "core-util-is": "1.0.2",
        "inherits": "2.0.3",
        "isarray": "1.0.0",
        "process-nextick-args": "2.0.0",
        "safe-buffer": "5.1.2",
        "string_decoder": "1.1.1",
        "util-deprecate": "1.0.2"
      }
    },
    "safe-buffer": {
      "version": "5.1.2",
      "resolved": "https://registry.npmjs.org/safe-buffer/-/safe-buffer-5.1.2.tgz",
      "integrity": "sha512-Gd2UZBJDkXlY7GbJxfsE8/nvKkUEU1G38c1siN6QP6a9PT9MmHB8GnpscSmMJSoF8LOIrt8ud/wPtojys4G6+g=="
    },
    "sodium-native": {
      "version": "2.2.1",
      "resolved": "https://registry.npmjs.org/sodium-native/-/sodium-native-2.2.1.tgz",
      "integrity": "sha512-3CfftYV2ATXQFMIkLOvcNUk/Ma+lran0855j5Z/HEjUkSTzjLZi16CK362udOoNVrwn/TwGV8bKEt5OylsFrQA==",
      "requires": {
        "ini": "1.3.5",
        "nan": "2.10.0",
        "node-gyp-build": "3.4.0"
      }
    },
    "split2": {
      "version": "2.2.0",
      "resolved": "https://registry.npmjs.org/split2/-/split2-2.2.0.tgz",
      "integrity": "sha512-RAb22TG39LhI31MbreBgIuKiIKhVsawfTgEGqKHTK87aG+ul/PB8Sqoi3I7kVdRWiCfrKxK3uo4/YUkpNvhPbw==",
      "requires": {
        "through2": "2.0.3"
      }
    },
    "stream-shift": {
      "version": "1.0.0",
      "resolved": "https://registry.npmjs.org/stream-shift/-/stream-shift-1.0.0.tgz",
      "integrity": "sha1-1cdSgl5TZ+eG944Y5EXqIjoVWVI="
    },
    "string_decoder": {
      "version": "1.1.1",
      "resolved": "https://registry.npmjs.org/string_decoder/-/string_decoder-1.1.1.tgz",
      "integrity": "sha512-n/ShnvDi6FHbbVfviro+WojiFzv+s8MPMHBczVePfUpDJLwoLT0ht1l4YwBCbi8pJAveEEdnkHyPyTP/mzRfwg==",
      "requires": {
        "safe-buffer": "5.1.2"
      }
    },
    "through2": {
      "version": "2.0.3",
      "resolved": "https://registry.npmjs.org/through2/-/through2-2.0.3.tgz",
      "integrity": "sha1-AARWmzfHx0ujnEPzzteNGtlBQL4=",
      "requires": {
        "readable-stream": "2.3.6",
        "xtend": "4.0.1"
      }
    },
    "util": {
      "version": "0.10.3",
      "resolved": "https://registry.npmjs.org/util/-/util-0.10.3.tgz",
      "integrity": "sha1-evsa/lCAUkZInj23/g7TeTNqwPk=",
      "requires": {
        "inherits": "2.0.1"
      },
      "dependencies": {
        "inherits": {
          "version": "2.0.1",
          "resolved": "https://registry.npmjs.org/inherits/-/inherits-2.0.1.tgz",
          "integrity": "sha1-sX0I0ya0Qj5Wjv9xn5GwscvfafE="
        }
      }
    },
    "util-deprecate": {
      "version": "1.0.2",
      "resolved": "https://registry.npmjs.org/util-deprecate/-/util-deprecate-1.0.2.tgz",
      "integrity": "sha1-RQ1Nyfpw3nMnYvvS1KKJgUGaDM8="
    },
    "wrappy": {
      "version": "1.0.2",
      "resolved": "https://registry.npmjs.org/wrappy/-/wrappy-1.0.2.tgz",
      "integrity": "sha1-tSQ9jz7BqjXxNkYFvA0QNuMKtp8="
    },
    "xtend": {
      "version": "4.0.1",
      "resolved": "https://registry.npmjs.org/xtend/-/xtend-4.0.1.tgz",
      "integrity": "sha1-pcbVMr5lbiPbgg77lDofBJmNY68="
    }
  }
}
